
Microsoft Visual Studio Solution File, Format Version 12.00
# Visual Studio Version 16
VisualStudioVersion = 16.0.31025.194
MinimumVisualStudioVersion = 10.0.40219.1
Project("{FAE04EC0-301F-11D3-BF4B-00C04F79EFBC}") = "Arrays_Multidimension", "Arrays_Multidimension\Arrays_Multidimension.csproj", "{A1C021E9-5289-4E23-AEC7-C58D82FDEB0A}"
EndProject
Global
	GlobalSection(SolutionConfigurationPlatforms) = preSolution
		Debug|Any CPU = Debug|Any CPU
		Release|Any CPU = Release|Any CPU
	EndGlobalSection
	GlobalSection(ProjectConfigurationPlatforms) = postSolution
		{A1C021E9-5289-4E23-AEC7-C58D82FDEB0A}.Debug|Any CPU.ActiveCfg = Debug|Any CPU
		{A1C021E9-5289-4E23-AEC7-C58D82FDEB0A}.Debug|Any CPU.Build.0 = Debug|Any CPU
		{A1C021E9-5289-4E23-AEC7-C58D82FDEB0A}.Release|Any CPU.ActiveCfg = Release|Any CPU
		{A1C021E9-5289-4E23-AEC7-C58D82FDEB0A}.Release|Any CPU.Build.0 = Release|Any CPU
	EndGlobalSection
	GlobalSection(SolutionProperties) = preSolution
		HideSolutionNode = FALSE
	EndGlobalSection
	GlobalSection(ExtensibilityGlobals) = postSolution
		SolutionGuid = {51C3FF88-A66A-4209-8307-9DF863925B3A}
	EndGlobalSection
EndGlobal
